
Microsoft Visual Studio Solution File, Format Version 12.00
# Visual Studio Version 16
VisualStudioVersion = 16.0.29709.97
MinimumVisualStudioVersion = 10.0.40219.1
Project("{FAE04EC0-301F-11D3-BF4B-00C04F79EFBC}") = "Sol_Demo", "Sol_Demo\Sol_Demo.csproj", "{C29745C5-CE5B-49F0-A637-A7B5EEBF0269}"
EndProject
Global
	GlobalSection(SolutionConfigurationPlatforms) = preSolution
		Debug|Any CPU = Debug|Any CPU
		Release|Any CPU = Release|Any CPU
	EndGlobalSection
	GlobalSection(ProjectConfigurationPlatforms) = postSolution
		{C29745C5-CE5B-49F0-A637-A7B5EEBF0269}.Debug|Any CPU.ActiveCfg = Debug|Any CPU
		{C29745C5-CE5B-49F0-A637-A7B5EEBF0269}.Debug|Any CPU.Build.0 = Debug|Any CPU
		{C29745C5-CE5B-49F0-A637-A7B5EEBF0269}.Release|Any CPU.ActiveCfg = Release|Any CPU
		{C29745C5-CE5B-49F0-A637-A7B5EEBF0269}.Release|Any CPU.Build.0 = Release|Any CPU
	EndGlobalSection
	GlobalSection(SolutionProperties) = preSolution
		HideSolutionNode = FALSE
	EndGlobalSection
	GlobalSection(ExtensibilityGlobals) = postSolution
		SolutionGuid = {17DB1A0D-9376-46EA-93A5-41720ECB1090}
	EndGlobalSection
EndGlobal
